
Microsoft Visual Studio Solution File, Format Version 12.00
Project("{FAE04EC0-301F-11D3-BF4B-00C04F79EFBC}") = "ZakharovKrilov11-707ISB", "ZakharovKrilov11-707ISB\ZakharovKrilov11-707ISB.csproj", "{2E90F9B3-C99F-4FB3-A028-B56724739DB4}"
EndProject
Global
	GlobalSection(SolutionConfigurationPlatforms) = preSolution
		Debug|Any CPU = Debug|Any CPU
		Release|Any CPU = Release|Any CPU
	EndGlobalSection
	GlobalSection(ProjectConfigurationPlatforms) = postSolution
		{2E90F9B3-C99F-4FB3-A028-B56724739DB4}.Debug|Any CPU.ActiveCfg = Debug|Any CPU
		{2E90F9B3-C99F-4FB3-A028-B56724739DB4}.Debug|Any CPU.Build.0 = Debug|Any CPU
		{2E90F9B3-C99F-4FB3-A028-B56724739DB4}.Release|Any CPU.ActiveCfg = Release|Any CPU
		{2E90F9B3-C99F-4FB3-A028-B56724739DB4}.Release|Any CPU.Build.0 = Release|Any CPU
	EndGlobalSection
EndGlobal
